
Microsoft Visual Studio Solution File, Format Version 12.00
# Visual Studio Version 17
VisualStudioVersion = 17.10.35004.147
MinimumVisualStudioVersion = 10.0.40219.1
Project("{FAE04EC0-301F-11D3-BF4B-00C04F79EFBC}") = "SpecFlowTest", "SpecFlowTest\SpecFlowTest.csproj", "{AB368457-D86A-4E2B-9B09-E6EDF7F15C5F}"
EndProject
Project("{FAE04EC0-301F-11D3-BF4B-00C04F79EFBC}") = "FrameWork.Core", "FrameWork.Core\FrameWork.Core.csproj", "{4E5FFA9E-E10B-4ABE-A3C6-6DBF103DA696}"
EndProject
Project("{FAE04EC0-301F-11D3-BF4B-00C04F79EFBC}") = "AutomationFrameWorkUtilities", "AutomationFrameWorkUtilities\AutomationFrameWorkUtilities.csproj", "{DEE49651-01AC-4888-AA26-AED54C54AB41}"
EndProject
Global
	GlobalSection(SolutionConfigurationPlatforms) = preSolution
		Debug|Any CPU = Debug|Any CPU
		Release|Any CPU = Release|Any CPU
	EndGlobalSection
	GlobalSection(ProjectConfigurationPlatforms) = postSolution
		{AB368457-D86A-4E2B-9B09-E6EDF7F15C5F}.Debug|Any CPU.ActiveCfg = Debug|Any CPU
		{AB368457-D86A-4E2B-9B09-E6EDF7F15C5F}.Debug|Any CPU.Build.0 = Debug|Any CPU
		{AB368457-D86A-4E2B-9B09-E6EDF7F15C5F}.Release|Any CPU.ActiveCfg = Release|Any CPU
		{AB368457-D86A-4E2B-9B09-E6EDF7F15C5F}.Release|Any CPU.Build.0 = Release|Any CPU
		{4E5FFA9E-E10B-4ABE-A3C6-6DBF103DA696}.Debug|Any CPU.ActiveCfg = Debug|Any CPU
		{4E5FFA9E-E10B-4ABE-A3C6-6DBF103DA696}.Debug|Any CPU.Build.0 = Debug|Any CPU
		{4E5FFA9E-E10B-4ABE-A3C6-6DBF103DA696}.Release|Any CPU.ActiveCfg = Release|Any CPU
		{4E5FFA9E-E10B-4ABE-A3C6-6DBF103DA696}.Release|Any CPU.Build.0 = Release|Any CPU
		{DEE49651-01AC-4888-AA26-AED54C54AB41}.Debug|Any CPU.ActiveCfg = Debug|Any CPU
		{DEE49651-01AC-4888-AA26-AED54C54AB41}.Debug|Any CPU.Build.0 = Debug|Any CPU
		{DEE49651-01AC-4888-AA26-AED54C54AB41}.Release|Any CPU.ActiveCfg = Release|Any CPU
		{DEE49651-01AC-4888-AA26-AED54C54AB41}.Release|Any CPU.Build.0 = Release|Any CPU
	EndGlobalSection
	GlobalSection(SolutionProperties) = preSolution
		HideSolutionNode = FALSE
	EndGlobalSection
	GlobalSection(ExtensibilityGlobals) = postSolution
		SolutionGuid = {8A99D938-20AD-4E0C-A031-5DE2F7A30962}
	EndGlobalSection
EndGlobal
